# This file is autogenerated, do not edit; changes may be undone by the next 'dep ensure'.


[[projects]]
  name = "github.com/ajg/form"
  packages = ["."]
  revision = "cc2954064ec9ea8d93917f0f87456e11d7b881ad"
  version = "v1.5"

[solve-meta]
  analyzer-name = "dep"
  analyzer-version = 1
  inputs-digest = "d62e06f4b19c343497cc165b31a39e794c9a7995a45c205548cc08aea57a46fd"
  solver-name = "gps-cdcl"
  solver-version = 1
